
Microsoft Visual Studio Solution File, Format Version 12.00
# Visual Studio 15
VisualStudioVersion = 15.0.27703.2026
MinimumVisualStudioVersion = 10.0.40219.1
Project("{FAE04EC0-301F-11D3-BF4B-00C04F79EFBC}") = "dynamic_Time_Warping", "dynamic_Time_Warping\dynamic_Time_Warping.csproj", "{BF124AD5-3981-4653-9BAB-5D9370F83A39}"
EndProject
Global
	GlobalSection(SolutionConfigurationPlatforms) = preSolution
		Debug|Any CPU = Debug|Any CPU
		Release|Any CPU = Release|Any CPU
	EndGlobalSection
	GlobalSection(ProjectConfigurationPlatforms) = postSolution
		{BF124AD5-3981-4653-9BAB-5D9370F83A39}.Debug|Any CPU.ActiveCfg = Debug|Any CPU
		{BF124AD5-3981-4653-9BAB-5D9370F83A39}.Debug|Any CPU.Build.0 = Debug|Any CPU
		{BF124AD5-3981-4653-9BAB-5D9370F83A39}.Release|Any CPU.ActiveCfg = Release|Any CPU
		{BF124AD5-3981-4653-9BAB-5D9370F83A39}.Release|Any CPU.Build.0 = Release|Any CPU
	EndGlobalSection
	GlobalSection(SolutionProperties) = preSolution
		HideSolutionNode = FALSE
	EndGlobalSection
	GlobalSection(ExtensibilityGlobals) = postSolution
		SolutionGuid = {E581FEAC-0BBF-4DC1-AEC1-18AE24A89E2D}
	EndGlobalSection
EndGlobal
