
Microsoft Visual Studio Solution File, Format Version 12.00
# Visual Studio 15
VisualStudioVersion = 15.0.27703.2026
MinimumVisualStudioVersion = 10.0.40219.1
Project("{FAE04EC0-301F-11D3-BF4B-00C04F79EFBC}") = "TowersOfHanoi", "TowersOfHanoi\TowersOfHanoi.csproj", "{DDA05D4C-FBA4-45F1-8678-741390FB7EE2}"
EndProject
Global
	GlobalSection(SolutionConfigurationPlatforms) = preSolution
		Debug|Any CPU = Debug|Any CPU
		Release|Any CPU = Release|Any CPU
	EndGlobalSection
	GlobalSection(ProjectConfigurationPlatforms) = postSolution
		{DDA05D4C-FBA4-45F1-8678-741390FB7EE2}.Debug|Any CPU.ActiveCfg = Debug|Any CPU
		{DDA05D4C-FBA4-45F1-8678-741390FB7EE2}.Debug|Any CPU.Build.0 = Debug|Any CPU
		{DDA05D4C-FBA4-45F1-8678-741390FB7EE2}.Release|Any CPU.ActiveCfg = Release|Any CPU
		{DDA05D4C-FBA4-45F1-8678-741390FB7EE2}.Release|Any CPU.Build.0 = Release|Any CPU
	EndGlobalSection
	GlobalSection(SolutionProperties) = preSolution
		HideSolutionNode = FALSE
	EndGlobalSection
	GlobalSection(ExtensibilityGlobals) = postSolution
		SolutionGuid = {DBAC2E19-036F-43E5-9B27-4E7EC777C2C1}
	EndGlobalSection
EndGlobal
