
Microsoft Visual Studio Solution File, Format Version 12.00
# Visual Studio 15
VisualStudioVersion = 15.0.27703.2026
MinimumVisualStudioVersion = 10.0.40219.1
Project("{FAE04EC0-301F-11D3-BF4B-00C04F79EFBC}") = "Learning", "Learning\Learning.csproj", "{98052860-12FF-423C-AAB5-60ABECC421D1}"
EndProject
Global
	GlobalSection(SolutionConfigurationPlatforms) = preSolution
		Debug|Any CPU = Debug|Any CPU
		Release|Any CPU = Release|Any CPU
	EndGlobalSection
	GlobalSection(ProjectConfigurationPlatforms) = postSolution
		{98052860-12FF-423C-AAB5-60ABECC421D1}.Debug|Any CPU.ActiveCfg = Debug|Any CPU
		{98052860-12FF-423C-AAB5-60ABECC421D1}.Debug|Any CPU.Build.0 = Debug|Any CPU
		{98052860-12FF-423C-AAB5-60ABECC421D1}.Release|Any CPU.ActiveCfg = Release|Any CPU
		{98052860-12FF-423C-AAB5-60ABECC421D1}.Release|Any CPU.Build.0 = Release|Any CPU
	EndGlobalSection
	GlobalSection(SolutionProperties) = preSolution
		HideSolutionNode = FALSE
	EndGlobalSection
	GlobalSection(ExtensibilityGlobals) = postSolution
		SolutionGuid = {FE790BAD-4FFC-439E-AA0E-96A8C4FE8808}
	EndGlobalSection
EndGlobal
