
Microsoft Visual Studio Solution File, Format Version 12.00
# Visual Studio 15
VisualStudioVersion = 15.0.28010.2003
MinimumVisualStudioVersion = 10.0.40219.1
Project("{FAE04EC0-301F-11D3-BF4B-00C04F79EFBC}") = "BallFly", "BallFly\BallFly.csproj", "{D8C8442E-B8EB-4699-9CEA-F7E333496A6C}"
EndProject
Global
	GlobalSection(SolutionConfigurationPlatforms) = preSolution
		Debug|Any CPU = Debug|Any CPU
		Release|Any CPU = Release|Any CPU
	EndGlobalSection
	GlobalSection(ProjectConfigurationPlatforms) = postSolution
		{D8C8442E-B8EB-4699-9CEA-F7E333496A6C}.Debug|Any CPU.ActiveCfg = Debug|Any CPU
		{D8C8442E-B8EB-4699-9CEA-F7E333496A6C}.Debug|Any CPU.Build.0 = Debug|Any CPU
		{D8C8442E-B8EB-4699-9CEA-F7E333496A6C}.Release|Any CPU.ActiveCfg = Release|Any CPU
		{D8C8442E-B8EB-4699-9CEA-F7E333496A6C}.Release|Any CPU.Build.0 = Release|Any CPU
	EndGlobalSection
	GlobalSection(SolutionProperties) = preSolution
		HideSolutionNode = FALSE
	EndGlobalSection
	GlobalSection(ExtensibilityGlobals) = postSolution
		SolutionGuid = {224B3F30-1623-4076-8A65-B1237D1CA0C6}
	EndGlobalSection
EndGlobal
