
Microsoft Visual Studio Solution File, Format Version 12.00
# Visual Studio 15
VisualStudioVersion = 15.0.27428.2043
MinimumVisualStudioVersion = 10.0.40219.1
Project("{FAE04EC0-301F-11D3-BF4B-00C04F79EFBC}") = "Arnoid", "Arnoid\Arnoid.csproj", "{CEED8692-9C8A-4210-9D08-091D97113462}"
EndProject
Global
	GlobalSection(SolutionConfigurationPlatforms) = preSolution
		Debug|Any CPU = Debug|Any CPU
		Release|Any CPU = Release|Any CPU
	EndGlobalSection
	GlobalSection(ProjectConfigurationPlatforms) = postSolution
		{CEED8692-9C8A-4210-9D08-091D97113462}.Debug|Any CPU.ActiveCfg = Debug|Any CPU
		{CEED8692-9C8A-4210-9D08-091D97113462}.Debug|Any CPU.Build.0 = Debug|Any CPU
		{CEED8692-9C8A-4210-9D08-091D97113462}.Release|Any CPU.ActiveCfg = Release|Any CPU
		{CEED8692-9C8A-4210-9D08-091D97113462}.Release|Any CPU.Build.0 = Release|Any CPU
	EndGlobalSection
	GlobalSection(SolutionProperties) = preSolution
		HideSolutionNode = FALSE
	EndGlobalSection
	GlobalSection(ExtensibilityGlobals) = postSolution
		SolutionGuid = {82BBAB1B-9FF3-4D70-AA7A-1FFAEEB7D43F}
	EndGlobalSection
EndGlobal
