
Microsoft Visual Studio Solution File, Format Version 12.00
# Visual Studio 14
VisualStudioVersion = 14.0.25420.1
MinimumVisualStudioVersion = 10.0.40219.1
Project("{FAE04EC0-301F-11D3-BF4B-00C04F79EFBC}") = "廣度與深度走迷宮", "廣度與深度走迷宮\廣度與深度走迷宮.csproj", "{F8A4820E-2517-4937-97D4-E10DB6CFD3E1}"
EndProject
Global
	GlobalSection(SolutionConfigurationPlatforms) = preSolution
		Debug|Any CPU = Debug|Any CPU
		Release|Any CPU = Release|Any CPU
	EndGlobalSection
	GlobalSection(ProjectConfigurationPlatforms) = postSolution
		{F8A4820E-2517-4937-97D4-E10DB6CFD3E1}.Debug|Any CPU.ActiveCfg = Debug|Any CPU
		{F8A4820E-2517-4937-97D4-E10DB6CFD3E1}.Debug|Any CPU.Build.0 = Debug|Any CPU
		{F8A4820E-2517-4937-97D4-E10DB6CFD3E1}.Release|Any CPU.ActiveCfg = Release|Any CPU
		{F8A4820E-2517-4937-97D4-E10DB6CFD3E1}.Release|Any CPU.Build.0 = Release|Any CPU
	EndGlobalSection
	GlobalSection(SolutionProperties) = preSolution
		HideSolutionNode = FALSE
	EndGlobalSection
EndGlobal
