
Microsoft Visual Studio Solution File, Format Version 12.00
# Visual Studio 15
VisualStudioVersion = 15.0.27703.2026
MinimumVisualStudioVersion = 10.0.40219.1
Project("{FAE04EC0-301F-11D3-BF4B-00C04F79EFBC}") = "Kmean", "Kmean\Kmean.csproj", "{41471CFC-B55A-499C-9D8A-B700B5E30FD7}"
EndProject
Global
	GlobalSection(SolutionConfigurationPlatforms) = preSolution
		Debug|Any CPU = Debug|Any CPU
		Release|Any CPU = Release|Any CPU
	EndGlobalSection
	GlobalSection(ProjectConfigurationPlatforms) = postSolution
		{41471CFC-B55A-499C-9D8A-B700B5E30FD7}.Debug|Any CPU.ActiveCfg = Debug|Any CPU
		{41471CFC-B55A-499C-9D8A-B700B5E30FD7}.Debug|Any CPU.Build.0 = Debug|Any CPU
		{41471CFC-B55A-499C-9D8A-B700B5E30FD7}.Release|Any CPU.ActiveCfg = Release|Any CPU
		{41471CFC-B55A-499C-9D8A-B700B5E30FD7}.Release|Any CPU.Build.0 = Release|Any CPU
	EndGlobalSection
	GlobalSection(SolutionProperties) = preSolution
		HideSolutionNode = FALSE
	EndGlobalSection
	GlobalSection(ExtensibilityGlobals) = postSolution
		SolutionGuid = {08D58198-0271-4CC4-ABA5-C13E44EDBDE8}
	EndGlobalSection
EndGlobal
