
Microsoft Visual Studio Solution File, Format Version 12.00
# Visual Studio 15
VisualStudioVersion = 15.0.28010.2003
MinimumVisualStudioVersion = 10.0.40219.1
Project("{FAE04EC0-301F-11D3-BF4B-00C04F79EFBC}") = "River", "River\River.csproj", "{408A07F0-9EE6-41A4-9F78-0861A0AE6D31}"
EndProject
Global
	GlobalSection(SolutionConfigurationPlatforms) = preSolution
		Debug|Any CPU = Debug|Any CPU
		Release|Any CPU = Release|Any CPU
	EndGlobalSection
	GlobalSection(ProjectConfigurationPlatforms) = postSolution
		{408A07F0-9EE6-41A4-9F78-0861A0AE6D31}.Debug|Any CPU.ActiveCfg = Debug|Any CPU
		{408A07F0-9EE6-41A4-9F78-0861A0AE6D31}.Debug|Any CPU.Build.0 = Debug|Any CPU
		{408A07F0-9EE6-41A4-9F78-0861A0AE6D31}.Release|Any CPU.ActiveCfg = Release|Any CPU
		{408A07F0-9EE6-41A4-9F78-0861A0AE6D31}.Release|Any CPU.Build.0 = Release|Any CPU
	EndGlobalSection
	GlobalSection(SolutionProperties) = preSolution
		HideSolutionNode = FALSE
	EndGlobalSection
	GlobalSection(ExtensibilityGlobals) = postSolution
		SolutionGuid = {1216B4F8-C473-4E99-AEBE-A328A76CB49D}
	EndGlobalSection
EndGlobal
