
Microsoft Visual Studio Solution File, Format Version 12.00
# Visual Studio 15
VisualStudioVersion = 15.0.28010.2003
MinimumVisualStudioVersion = 10.0.40219.1
Project("{FAE04EC0-301F-11D3-BF4B-00C04F79EFBC}") = "Maximum Power Transfer to a Load", "Maximum Power Transfer to a Load\Maximum Power Transfer to a Load.csproj", "{0186D103-AD62-4034-8BD6-68AE8CFF0A8C}"
EndProject
Global
	GlobalSection(SolutionConfigurationPlatforms) = preSolution
		Debug|Any CPU = Debug|Any CPU
		Release|Any CPU = Release|Any CPU
	EndGlobalSection
	GlobalSection(ProjectConfigurationPlatforms) = postSolution
		{0186D103-AD62-4034-8BD6-68AE8CFF0A8C}.Debug|Any CPU.ActiveCfg = Debug|Any CPU
		{0186D103-AD62-4034-8BD6-68AE8CFF0A8C}.Debug|Any CPU.Build.0 = Debug|Any CPU
		{0186D103-AD62-4034-8BD6-68AE8CFF0A8C}.Release|Any CPU.ActiveCfg = Release|Any CPU
		{0186D103-AD62-4034-8BD6-68AE8CFF0A8C}.Release|Any CPU.Build.0 = Release|Any CPU
	EndGlobalSection
	GlobalSection(SolutionProperties) = preSolution
		HideSolutionNode = FALSE
	EndGlobalSection
	GlobalSection(ExtensibilityGlobals) = postSolution
		SolutionGuid = {765263DA-96DC-4799-B056-2A303BD267BD}
	EndGlobalSection
EndGlobal
