
Microsoft Visual Studio Solution File, Format Version 12.00
# Visual Studio 15
VisualStudioVersion = 15.0.28010.2003
MinimumVisualStudioVersion = 10.0.40219.1
Project("{FAE04EC0-301F-11D3-BF4B-00C04F79EFBC}") = "DataInBMP", "DataInBMP\DataInBMP.csproj", "{EADAD014-EE36-44CE-B0DE-EF387086FB90}"
EndProject
Global
	GlobalSection(SolutionConfigurationPlatforms) = preSolution
		Debug|Any CPU = Debug|Any CPU
		Release|Any CPU = Release|Any CPU
	EndGlobalSection
	GlobalSection(ProjectConfigurationPlatforms) = postSolution
		{EADAD014-EE36-44CE-B0DE-EF387086FB90}.Debug|Any CPU.ActiveCfg = Debug|Any CPU
		{EADAD014-EE36-44CE-B0DE-EF387086FB90}.Debug|Any CPU.Build.0 = Debug|Any CPU
		{EADAD014-EE36-44CE-B0DE-EF387086FB90}.Release|Any CPU.ActiveCfg = Release|Any CPU
		{EADAD014-EE36-44CE-B0DE-EF387086FB90}.Release|Any CPU.Build.0 = Release|Any CPU
	EndGlobalSection
	GlobalSection(SolutionProperties) = preSolution
		HideSolutionNode = FALSE
	EndGlobalSection
	GlobalSection(ExtensibilityGlobals) = postSolution
		SolutionGuid = {BED6BF9A-370C-4E73-AD61-846850A0BDFE}
	EndGlobalSection
EndGlobal
